
Microsoft Visual Studio Solution File, Format Version 12.00
# Visual Studio Version 17
VisualStudioVersion = 17.5.002.0
MinimumVisualStudioVersion = 10.0.40219.1
Project("{2150E333-8FDC-42A3-9474-1A3956D46DE8}") = "src", "src", "{13E19499-041E-4F63-B73F-819B06B318AE}"
EndProject
Project("{9A19103F-16F7-4668-BE54-9A1E7A4F7556}") = "tooling", "src\tooling\tooling.csproj", "{EEB7EB1E-B8C6-4AA3-87C3-7540C7981280}"
EndProject
Project("{9A19103F-16F7-4668-BE54-9A1E7A4F7556}") = "driver", "src\driver\driver.csproj", "{7CC8638E-1B2D-428B-AB4D-8AA8C904C49F}"
EndProject
Project("{9A19103F-16F7-4668-BE54-9A1E7A4F7556}") = "core", "src\core\core.csproj", "{16453E08-0245-4221-B215-3BD80CEA1683}"
EndProject
Project("{9A19103F-16F7-4668-BE54-9A1E7A4F7556}") = "service", "src\service\service.csproj", "{82F16D8D-53D9-4970-AF24-945C0BAFB5B9}"
EndProject
Project("{9A19103F-16F7-4668-BE54-9A1E7A4F7556}") = "trimming", "src\trimming\trimming.csproj", "{0EFADC51-799C-47D4-831A-161F38651729}"
EndProject
Project("{9A19103F-16F7-4668-BE54-9A1E7A4F7556}") = "generators", "src\generators\generators.csproj", "{EB2E1601-5AF4-4A61-A181-D63D76DF5ABC}"
EndProject
Project("{9A19103F-16F7-4668-BE54-9A1E7A4F7556}") = "tests", "src\tests\tests.csproj", "{A8BA73F4-525D-408C-8BF4-4DF0363DC875}"
EndProject
Project("{9A19103F-16F7-4668-BE54-9A1E7A4F7556}") = "common", "src\common\common.csproj", "{E5A8A1F3-F426-49F5-A0AD-19A3082C457E}"
EndProject
Global
	GlobalSection(SolutionConfigurationPlatforms) = preSolution
		Debug|Any CPU = Debug|Any CPU
		Release|Any CPU = Release|Any CPU
	EndGlobalSection
	GlobalSection(ProjectConfigurationPlatforms) = postSolution
		{EEB7EB1E-B8C6-4AA3-87C3-7540C7981280}.Debug|Any CPU.ActiveCfg = Debug|Any CPU
		{EEB7EB1E-B8C6-4AA3-87C3-7540C7981280}.Debug|Any CPU.Build.0 = Debug|Any CPU
		{EEB7EB1E-B8C6-4AA3-87C3-7540C7981280}.Release|Any CPU.ActiveCfg = Release|Any CPU
		{EEB7EB1E-B8C6-4AA3-87C3-7540C7981280}.Release|Any CPU.Build.0 = Release|Any CPU
		{7CC8638E-1B2D-428B-AB4D-8AA8C904C49F}.Debug|Any CPU.ActiveCfg = Debug|Any CPU
		{7CC8638E-1B2D-428B-AB4D-8AA8C904C49F}.Debug|Any CPU.Build.0 = Debug|Any CPU
		{7CC8638E-1B2D-428B-AB4D-8AA8C904C49F}.Release|Any CPU.ActiveCfg = Release|Any CPU
		{7CC8638E-1B2D-428B-AB4D-8AA8C904C49F}.Release|Any CPU.Build.0 = Release|Any CPU
		{16453E08-0245-4221-B215-3BD80CEA1683}.Debug|Any CPU.ActiveCfg = Debug|Any CPU
		{16453E08-0245-4221-B215-3BD80CEA1683}.Debug|Any CPU.Build.0 = Debug|Any CPU
		{16453E08-0245-4221-B215-3BD80CEA1683}.Release|Any CPU.ActiveCfg = Release|Any CPU
		{16453E08-0245-4221-B215-3BD80CEA1683}.Release|Any CPU.Build.0 = Release|Any CPU
		{82F16D8D-53D9-4970-AF24-945C0BAFB5B9}.Debug|Any CPU.ActiveCfg = Debug|Any CPU
		{82F16D8D-53D9-4970-AF24-945C0BAFB5B9}.Debug|Any CPU.Build.0 = Debug|Any CPU
		{82F16D8D-53D9-4970-AF24-945C0BAFB5B9}.Release|Any CPU.ActiveCfg = Release|Any CPU
		{82F16D8D-53D9-4970-AF24-945C0BAFB5B9}.Release|Any CPU.Build.0 = Release|Any CPU
		{0EFADC51-799C-47D4-831A-161F38651729}.Debug|Any CPU.ActiveCfg = Debug|Any CPU
		{0EFADC51-799C-47D4-831A-161F38651729}.Debug|Any CPU.Build.0 = Debug|Any CPU
		{0EFADC51-799C-47D4-831A-161F38651729}.Release|Any CPU.ActiveCfg = Release|Any CPU
		{0EFADC51-799C-47D4-831A-161F38651729}.Release|Any CPU.Build.0 = Release|Any CPU
		{EB2E1601-5AF4-4A61-A181-D63D76DF5ABC}.Debug|Any CPU.ActiveCfg = Debug|Any CPU
		{EB2E1601-5AF4-4A61-A181-D63D76DF5ABC}.Debug|Any CPU.Build.0 = Debug|Any CPU
		{EB2E1601-5AF4-4A61-A181-D63D76DF5ABC}.Release|Any CPU.ActiveCfg = Release|Any CPU
		{EB2E1601-5AF4-4A61-A181-D63D76DF5ABC}.Release|Any CPU.Build.0 = Release|Any CPU
		{A8BA73F4-525D-408C-8BF4-4DF0363DC875}.Debug|Any CPU.ActiveCfg = Debug|Any CPU
		{A8BA73F4-525D-408C-8BF4-4DF0363DC875}.Debug|Any CPU.Build.0 = Debug|Any CPU
		{A8BA73F4-525D-408C-8BF4-4DF0363DC875}.Release|Any CPU.ActiveCfg = Release|Any CPU
		{A8BA73F4-525D-408C-8BF4-4DF0363DC875}.Release|Any CPU.Build.0 = Release|Any CPU
		{E5A8A1F3-F426-49F5-A0AD-19A3082C457E}.Debug|Any CPU.ActiveCfg = Debug|Any CPU
		{E5A8A1F3-F426-49F5-A0AD-19A3082C457E}.Debug|Any CPU.Build.0 = Debug|Any CPU
		{E5A8A1F3-F426-49F5-A0AD-19A3082C457E}.Release|Any CPU.ActiveCfg = Release|Any CPU
		{E5A8A1F3-F426-49F5-A0AD-19A3082C457E}.Release|Any CPU.Build.0 = Release|Any CPU
	EndGlobalSection
	GlobalSection(SolutionProperties) = preSolution
		HideSolutionNode = FALSE
	EndGlobalSection
	GlobalSection(NestedProjects) = preSolution
		{EEB7EB1E-B8C6-4AA3-87C3-7540C7981280} = {13E19499-041E-4F63-B73F-819B06B318AE}
		{7CC8638E-1B2D-428B-AB4D-8AA8C904C49F} = {13E19499-041E-4F63-B73F-819B06B318AE}
		{16453E08-0245-4221-B215-3BD80CEA1683} = {13E19499-041E-4F63-B73F-819B06B318AE}
		{82F16D8D-53D9-4970-AF24-945C0BAFB5B9} = {13E19499-041E-4F63-B73F-819B06B318AE}
		{0EFADC51-799C-47D4-831A-161F38651729} = {13E19499-041E-4F63-B73F-819B06B318AE}
		{EB2E1601-5AF4-4A61-A181-D63D76DF5ABC} = {13E19499-041E-4F63-B73F-819B06B318AE}
		{A8BA73F4-525D-408C-8BF4-4DF0363DC875} = {13E19499-041E-4F63-B73F-819B06B318AE}
		{E5A8A1F3-F426-49F5-A0AD-19A3082C457E} = {13E19499-041E-4F63-B73F-819B06B318AE}
	EndGlobalSection
	GlobalSection(ExtensibilityGlobals) = postSolution
		SolutionGuid = {FDCF8A9B-795E-4162-A72F-5EC4CBADF805}
	EndGlobalSection
EndGlobal
